[[tools."aqua:go-task/task"]]
version = "3.38.0"
backend = "aqua:go-task/task"
"platforms.linux-arm64" = { checksum = "sha256:30d3c727a434ee3bf69fb69e5d1aa84c3ab401fc2343a2760b4c7808acc689b8", url = "https://github.com/go-task/task/releases/download/v3.38.0/task_linux_arm64.tar.gz"}
"platforms.linux-x64" = { checksum = "sha256:a6241c9fbcc49bdffef907e4d6325adb074295fd094f2bfa6a2e32282c2ed06e", url = "https://github.com/go-task/task/releases/download/v3.38.0/task_linux_amd64.tar.gz"}
"platforms.macos-arm64" = { checksum = "sha256:a575c9e10591bb35d1bb678bdde2fa221330d207a787b0a5979d4287ee7f4c0f", url = "https://github.com/go-task/task/releases/download/v3.38.0/task_darwin_arm64.tar.gz"}
"platforms.macos-x64" = { checksum = "sha256:a2aefff4f3cb2851ce133c13a20502f1dfa8a6bc34d3f4e01c67cf3278f4f73d", url = "https://github.com/go-task/task/releases/download/v3.38.0/task_darwin_amd64.tar.gz"}
"platforms.windows-x64" = { checksum = "sha256:6586105949b4359b37f770b7604542c23f064e055c6521791cd8d5916ec287fb", url = "https://github.com/go-task/task/releases/download/v3.38.0/task_windows_amd64.zip"}

[[tools."aqua:mikefarah/yq"]]
version = "v4.44.2"
backend = "aqua:mikefarah/yq"
"platforms.linux-arm64" = { checksum = "sha256:79c22d98b2ff517cb8b1c20499350cbc1e8c753483c8f72a37a299e6e9872a98", url = "https://github.com/mikefarah/yq/releases/download/v4.44.2/yq_linux_arm64.tar.gz"}
"platforms.linux-x64" = { checksum = "sha256:e4c2570249e3993e33ffa44e592b5eee8545bd807bfbeb596c2986d86cb6c85c", url = "https://github.com/mikefarah/yq/releases/download/v4.44.2/yq_linux_amd64.tar.gz"}
"platforms.macos-arm64" = { checksum = "sha256:86f172cd7b8d84f178b20b02df12c772aacb5ffefeecba33af93727b0d3000f2", url = "https://github.com/mikefarah/yq/releases/download/v4.44.2/yq_darwin_arm64.tar.gz"}
"platforms.macos-x64" = { checksum = "sha256:7e02afc024868ab298cb44fe9b1cf56ffb2e083cd5a426cc6616c08c1aad3e7a", url = "https://github.com/mikefarah/yq/releases/download/v4.44.2/yq_darwin_amd64.tar.gz"}
"platforms.windows-x64" = { checksum = "sha256:690b85576122647ae8f7edf46af1a8046119d4603c426213cd1b0e031a42007c", url = "https://github.com/mikefarah/yq/releases/download/v4.44.2/yq_windows_amd64.zip"}

[[tools."github:bufbuild/buf"]]
version = "1.32.1"
backend = "github:bufbuild/buf"
"platforms.linux-arm64" = { checksum = "sha256:f2f5c4234985c09c1793f020177fd62a14b0b509f92849732ddabfa4ecb2ac39", url = "https://github.com/bufbuild/buf/releases/download/v1.32.1/buf-Linux-aarch64.tar.gz"}
"platforms.linux-x64" = { checksum = "sha256:ca09415a6f0b86d9c38bde25a678dcc31b8e75492e68379e36b6c9ccd1755190", url = "https://github.com/bufbuild/buf/releases/download/v1.32.1/buf-Linux-x86_64.tar.gz"}
"platforms.macos-arm64" = { checksum = "sha256:7e995489fdefc02622b428f9e6fc43d4edc58eb72fbcb3d00e3e99e7c185808a", url = "https://github.com/bufbuild/buf/releases/download/v1.32.1/buf-Darwin-arm64.tar.gz"}
"platforms.macos-x64" = { checksum = "sha256:9f0cc8e92d138a0f5ee5de3e0be1262f4d230e8e46dc85b3095df4c8c0110674", url = "https://github.com/bufbuild/buf/releases/download/v1.32.1/buf-Darwin-x86_64.tar.gz"}
"platforms.windows-x64" = { checksum = "sha256:8a7763e80cb534ff43240b89f5472c9fc7434b6ccdfc4b56b7decc1bbb1ea93e", url = "https://github.com/bufbuild/buf/releases/download/v1.32.1/buf-Windows-x86_64.exe"}
