[[tools."github:go-task/task"]]
version = "v3.49.1"
backend = "github:go-task/task"
"platforms.linux-arm64" = { checksum = "sha256:aa6732c9c66397c5380ec2b60c070fd599075b2a8538dba03f3a21edc99ab0cb", url = "https://github.com/go-task/task/releases/download/v3.49.1/task_linux_arm64.tar.gz", url_api = "https://api.github.com/repos/go-task/task/releases/assets/369609773"}
"platforms.linux-x64" = { checksum = "sha256:4e7d24f1bf38218aec8f244eb7ba671f898830f9f87b3c9b30ff1c09e3135576", url = "https://github.com/go-task/task/releases/download/v3.49.1/task_linux_amd64.tar.gz", url_api = "https://api.github.com/repos/go-task/task/releases/assets/369609772"}
"platforms.macos-arm64" = { checksum = "sha256:0f556b66df69d53b790c7fd26bfab73543b4a5ce1767df6b2e8499619e2a205b", url = "https://github.com/go-task/task/releases/download/v3.49.1/task_darwin_arm64.tar.gz", url_api = "https://api.github.com/repos/go-task/task/releases/assets/369609792"}
"platforms.macos-x64" = { checksum = "sha256:8bc4dd3baed1c71956ade0bb0a9c1b94e3ed7b65e7f2ff3aab13d0562c820e59", url = "https://github.com/go-task/task/releases/download/v3.49.1/task_darwin_amd64.tar.gz", url_api = "https://api.github.com/repos/go-task/task/releases/assets/369609774"}
"platforms.windows-x64" = { checksum = "sha256:725c551f699d4d6c0dc57bd8148f72bef8d5b2fb650d9c985f271a61522fd521", url = "https://github.com/go-task/task/releases/download/v3.49.1/task_windows_amd64.zip", url_api = "https://api.github.com/repos/go-task/task/releases/assets/369609805"}

[[tools."http:yq"]]
version = "4.52.4"
backend = "http:yq"

[tools."http:yq".platforms.linux-amd64]
url = "https://github.com/mikefarah/yq/releases/download/v4.52.4/yq_linux_amd64"

[tools."http:yq".platforms.linux-arm64]
url = "https://github.com/mikefarah/yq/releases/download/v4.52.4/yq_linux_arm64"

[tools."http:yq".platforms.darwin-amd64]
url = "https://github.com/mikefarah/yq/releases/download/v4.52.4/yq_darwin_amd64"

[tools."http:yq".platforms.darwin-arm64]
url = "https://github.com/mikefarah/yq/releases/download/v4.52.4/yq_darwin_arm64"

[tools."http:yq".platforms.windows-amd64]
url = "https://github.com/mikefarah/yq/releases/download/v4.52.4/yq_windows_amd64.exe"

[[tools."github:bufbuild/buf"]]
version = "1.66.1"
backend = "github:bufbuild/buf"

[tools."github:bufbuild/buf".platforms.macos-arm64]
name = "buf-Darwin-arm64.tar.gz"
size = 20684310
url = "https://github.com/bufbuild/buf/releases/download/v1.66.1/buf-Darwin-arm64.tar.gz"
url_api = "https://api.github.com/repos/bufbuild/buf/releases/assets/175190212"

[tools."github:bufbuild/buf".platforms.linux-amd64]
size = 21282392
url = "https://github.com/bufbuild/buf/releases/download/v1.66.1/buf-Linux-x86_64.tar.gz"
url_api = "https://api.github.com/repos/bufbuild/buf/releases/assets/175190220"

[tools."github:bufbuild/buf".platforms.linux-arm64]
size = 19562323
url = "https://github.com/bufbuild/buf/releases/download/v1.66.1/buf-Linux-aarch64.tar.gz"
url_api = "https://api.github.com/repos/bufbuild/buf/releases/assets/175190217"

[tools."github:bufbuild/buf".platforms.darwin-amd64]
size = 21910673
url = "https://github.com/bufbuild/buf/releases/download/v1.66.1/buf-Darwin-x86_64.tar.gz"
url_api = "https://api.github.com/repos/bufbuild/buf/releases/assets/175190210"

[tools."github:bufbuild/buf".platforms.darwin-arm64]
size = 20684310
url = "https://github.com/bufbuild/buf/releases/download/v1.66.1/buf-Darwin-arm64.tar.gz"
url_api = "https://api.github.com/repos/bufbuild/buf/releases/assets/175190212"

[tools."github:bufbuild/buf".platforms.windows-amd64]
size = 35776512
url = "https://github.com/bufbuild/buf/releases/download/v1.66.1/buf-Windows-x86_64.exe"
url_api = "https://api.github.com/repos/bufbuild/buf/releases/assets/175190212"

[[tools."http:skaffold"]]
version = "2.18.1"
backend = "http:skaffold"

[tools."http:skaffold".platforms.linux-x64]
url = "https://storage.googleapis.com/skaffold/releases/v2.18.1/skaffold-linux-amd64"

[tools."http:skaffold".platforms.linux-amd64]
url = "https://storage.googleapis.com/skaffold/releases/v2.18.1/skaffold-linux-amd64"

[tools."http:skaffold".platforms.linux-arm64]
url = "https://storage.googleapis.com/skaffold/releases/v2.18.1/skaffold-linux-arm64"

[tools."http:skaffold".platforms.darwin-amd64]
url = "https://storage.googleapis.com/skaffold/releases/v2.18.1/skaffold-darwin-amd64"

[tools."http:skaffold".platforms.darwin-arm64]
url = "https://storage.googleapis.com/skaffold/releases/v2.18.1/skaffold-darwin-arm64"

[tools."http:skaffold".platforms.windows-amd64]
url = "https://storage.googleapis.com/skaffold/releases/v2.18.1/skaffold-windows-amd64.exe"
