[[tools."aqua:astral-sh/uv"]]
version = "0.6.14"
backend = "aqua:astral-sh/uv"

[tools."aqua:astral-sh/uv".platforms.linux-arm64]
checksum = "sha256:94e22c4be44d205def456427639ca5ca1c1a9e29acc31808a7b28fdd5dcf7f17"
size = 15577079
url = "https://github.com/astral-sh/uv/releases/download/0.6.14/uv-aarch64-unknown-linux-musl.tar.gz"

[tools."aqua:astral-sh/uv".platforms.linux-x64]
checksum = "sha256:0cac4df0cb3457b154f2039ae471e89cd4e15f3bd790bbb3cb0b8b40d940b93e"
size = 17032361
url = "https://github.com/astral-sh/uv/releases/download/0.6.14/uv-x86_64-unknown-linux-musl.tar.gz"

[[tools."aqua:casey/just"]]
version = "1.42.4"
backend = "aqua:casey/just"

[tools."aqua:casey/just".platforms.darwin-amd64]
checksum = "sha256:ec8781b4341552877a432a922818f1656bcee6ec51155dbbdba490d9bd8f8dd2"
size = 1836612
url = "https://github.com/casey/just/releases/download/1.42.4/just-1.42.4-x86_64-apple-darwin.tar.gz"

[tools."aqua:casey/just".platforms.darwin-arm64]
checksum = "sha256:9bea24da39a54f1517ebc8d050789e9631eaf9bcec76a94866a9955a3a1a663f"
size = 1701037
url = "https://github.com/casey/just/releases/download/1.42.4/just-1.42.4-aarch64-apple-darwin.tar.gz"

[tools."aqua:casey/just".platforms.linux-amd64]
checksum = "sha256:678efc1cfbd5fa5a88375daa7e2f3864a049d6d63a0296df925a2ae5f516cb56"
size = 2003117
url = "https://github.com/casey/just/releases/download/1.42.4/just-1.42.4-x86_64-unknown-linux-musl.tar.gz"

[tools."aqua:casey/just".platforms.linux-arm64]
checksum = "sha256:beb35a4ed1208ffbb0fef26042c65875759a5358b9ee1a7856dec8490dfd4aca"
size = 1829411
url = "https://github.com/casey/just/releases/download/1.42.4/just-1.42.4-aarch64-unknown-linux-musl.tar.gz"

[tools."aqua:casey/just".platforms.linux-x64]
checksum = "blake3:c241a1800cb543183a8cdc483d74e17898ee9528f31eec9bff74b170f303968f"
size = 2003117
url = "https://github.com/casey/just/releases/download/1.42.4/just-1.42.4-x86_64-unknown-linux-musl.tar.gz"

[tools."aqua:casey/just".platforms.windows-amd64]
checksum = "sha256:238cb448eb2ced3f7ac2f32872cf08244179b10b2d3f67e9069087ccbdc3d7f6"
size = 1753550
url = "https://github.com/casey/just/releases/download/1.42.4/just-1.42.4-x86_64-pc-windows-msvc.zip"

[[tools."aqua:nektos/act"]]
version = "0.2.65"
backend = "aqua:nektos/act"

[tools."aqua:nektos/act".platforms.linux-arm64]
checksum = "sha256:13d8c0ce63197b0f52180f514b5a538cb691ae9cee15d07073cf411b31efb8ff"
size = 6516230
url = "https://github.com/nektos/act/releases/download/v0.2.65/act_Linux_arm64.tar.gz"

[tools."aqua:nektos/act".platforms.linux-x64]
checksum = "sha256:ececd3b7f21dd8cb7eeab1f77c6a74c0d96547aa013015c92d46dd95dd538fe6"
size = 7087619
url = "https://github.com/nektos/act/releases/download/v0.2.65/act_Linux_x86_64.tar.gz"

[[tools."github:cue-lang/cue"]]
version = "0.15.1"
backend = "github:cue-lang/cue"

[tools."github:cue-lang/cue".platforms.darwin-amd64]
checksum = "sha256:e761c85f060283d7c52b0b80e3ae57b569a0c4e7f7029bdbf38d7f079b2128bc"
size = 9503450
url = "https://github.com/cue-lang/cue/releases/download/v0.15.1/cue_v0.15.1_darwin_amd64.tar.gz"

[tools."github:cue-lang/cue".platforms.darwin-arm64]
checksum = "sha256:9ee183ec8686675a0aea24f9f5cfb64235ee4e7583e8e771432a0bf58e64411a"
size = 8827310
url = "https://github.com/cue-lang/cue/releases/download/v0.15.1/cue_v0.15.1_darwin_arm64.tar.gz"

[tools."github:cue-lang/cue".platforms.linux-amd64]
checksum = "sha256:aa282261245e9ab0d65b17ec3c7207f5231600106f7b26fc0c2e158b3937ca3f"
size = 9337516
url = "https://github.com/cue-lang/cue/releases/download/v0.15.1/cue_v0.15.1_linux_amd64.tar.gz"

[tools."github:cue-lang/cue".platforms.linux-arm64]
checksum = "sha256:6bb80ec3262c7cedf898a21e9e9481c86da54488f144788b1fa0a5dc01879a0b"
size = 8486694
url = "https://github.com/cue-lang/cue/releases/download/v0.15.1/cue_v0.15.1_linux_arm64.tar.gz"

[tools."github:cue-lang/cue".platforms.macos-arm64]
checksum = "blake3:ada99fb4eb7247bdae8c75f8090809d53259eaffc5fcf98c703bfe58cc617416"
size = 8827310
url = "https://github.com/cue-lang/cue/releases/download/v0.15.1/cue_v0.15.1_darwin_arm64.tar.gz"

[tools."github:cue-lang/cue".platforms.windows-amd64]
checksum = "sha256:516fa080c1af12578ff76a4165cc7bf14ad9bbe5d9724a0c07553860d038885e"
size = 9553502
url = "https://github.com/cue-lang/cue/releases/download/v0.15.1/cue_v0.15.1_windows_amd64.zip"

[[tools."github:nushell/nushell"]]
version = "0.107.0"
backend = "github:nushell/nushell"

[tools."github:nushell/nushell".platforms.darwin-amd64]
checksum = "sha256:e69c2e4f3b68444e17186f289a9a2ed7ec88b57da930892b1a7a3544d68a91d1"
size = 57377102
url = "https://github.com/nushell/nushell/releases/download/0.107.0/nu-0.107.0-x86_64-apple-darwin.tar.gz"

[tools."github:nushell/nushell".platforms.darwin-arm64]
checksum = "sha256:3bc70d98ab2fd94ad8244d233c92aa6e768ca2c91dd860a209ae6ba6d15f1051"
size = 56186842
url = "https://github.com/nushell/nushell/releases/download/0.107.0/nu-0.107.0-aarch64-apple-darwin.tar.gz"

[tools."github:nushell/nushell".platforms.linux-amd64]
checksum = "sha256:dd369b7fedeed3add745bce2dc50e3fe71a7cb48f529456e8887d66f2cde585f"
size = 63274296
url = "https://github.com/nushell/nushell/releases/download/0.107.0/nu-0.107.0-x86_64-unknown-linux-musl.tar.gz"

[tools."github:nushell/nushell".platforms.linux-arm64]
checksum = "sha256:6b1699ca3eb6f762f5fe9c401dda6a03611631bb19d707b9c45fa621e3bf2f36"
size = 60363444
url = "https://github.com/nushell/nushell/releases/download/0.107.0/nu-0.107.0-aarch64-unknown-linux-musl.tar.gz"

[tools."github:nushell/nushell".platforms.linux-x64]
checksum = "blake3:1c05e8b89e281fe6b96019893c922aa3b25c350ace141e7ee53179f6c87d0af4"
size = 62658707
url = "https://github.com/nushell/nushell/releases/download/0.107.0/nu-0.107.0-x86_64-unknown-linux-gnu.tar.gz"

[tools."github:nushell/nushell".platforms.windows-amd64]
checksum = "sha256:6f62ab495b5166239512429886f944eab9153f734a27703516d5eabb5d370e4d"
size = 43717859
url = "https://github.com/nushell/nushell/releases/download/0.107.0/nu-0.107.0-x86_64-pc-windows-msvc.zip"
