[[tools."github:astral-sh/uv"]]
version = "0.11.2"
backend = "github:astral-sh/uv"
"platforms.linux-arm64" = { checksum = "sha256:04792cac761c4a6ba78267f36f2af541b7f92196d42ac55d21d3ff6b0f5ab6a5", url = "https://github.com/astral-sh/uv/releases/download/0.11.2/uv-aarch64-unknown-linux-gnu.tar.gz", url_api = "https://api.github.com/repos/astral-sh/uv/releases/assets/382400075"}
"platforms.linux-arm64-musl" = { checksum = "sha256:275d91dd1f1955136591e7ec5e1fa21e84d0d37ead7da7c35c3683df748d9855", url = "https://github.com/astral-sh/uv/releases/download/0.11.2/uv-aarch64-unknown-linux-musl.tar.gz", url_api = "https://api.github.com/repos/astral-sh/uv/releases/assets/382400078"}
"platforms.linux-x64" = { checksum = "sha256:7ac2ca0449c8d68dae9b99e635cd3bc9b22a4cb1de64b7c43716398447d42981", url = "https://github.com/astral-sh/uv/releases/download/0.11.2/uv-x86_64-unknown-linux-gnu.tar.gz", url_api = "https://api.github.com/repos/astral-sh/uv/releases/assets/382400130"}
"platforms.linux-x64-musl" = { checksum = "sha256:4700d9fc75734247587deb3e25dd2c6c24f4ac69e8fe91d6acad4a6013115c06", url = "https://github.com/astral-sh/uv/releases/download/0.11.2/uv-x86_64-unknown-linux-musl.tar.gz", url_api = "https://api.github.com/repos/astral-sh/uv/releases/assets/382400132"}
"platforms.macos-arm64" = { checksum = "sha256:4beaa9550f93ef7f0fc02f7c28c9c48cd61fe30db00f5ac8947e0a425c3fb282", url = "https://github.com/astral-sh/uv/releases/download/0.11.2/uv-aarch64-apple-darwin.tar.gz", url_api = "https://api.github.com/repos/astral-sh/uv/releases/assets/382400065"}
"platforms.macos-x64" = { checksum = "sha256:a9c3653245031304c50dd60ac0301bf6c112e12c38c32302a71d4fa6a63ba2cb", url = "https://github.com/astral-sh/uv/releases/download/0.11.2/uv-x86_64-apple-darwin.tar.gz", url_api = "https://api.github.com/repos/astral-sh/uv/releases/assets/382400122"}
"platforms.windows-x64" = { checksum = "sha256:171b7ccda1bbd562da6babeffcf533a1c6cc7862cf998da826e1db534fc43e48", url = "https://github.com/astral-sh/uv/releases/download/0.11.2/uv-x86_64-pc-windows-msvc.zip", url_api = "https://api.github.com/repos/astral-sh/uv/releases/assets/382400126"}

[[tools."github:casey/just"]]
version = "1.48.1"
backend = "github:casey/just"
"platforms.linux-arm64" = { checksum = "sha256:3308721b991cf88cf2b9bbb3b31ac40550ec61a0c9b6fc011564e25e87964030", url = "https://github.com/casey/just/releases/download/1.48.1/just-1.48.1-aarch64-unknown-linux-musl.tar.gz", url_api = "https://api.github.com/repos/casey/just/releases/assets/383279515"}
"platforms.linux-arm64-musl" = { checksum = "sha256:3308721b991cf88cf2b9bbb3b31ac40550ec61a0c9b6fc011564e25e87964030", url = "https://github.com/casey/just/releases/download/1.48.1/just-1.48.1-aarch64-unknown-linux-musl.tar.gz", url_api = "https://api.github.com/repos/casey/just/releases/assets/383279515"}
"platforms.linux-x64" = { checksum = "sha256:9293e553ce401d1b524bf4e104918f72f268e3f9c6827e0055fe98d84a1b2522", url = "https://github.com/casey/just/releases/download/1.48.1/just-1.48.1-x86_64-unknown-linux-musl.tar.gz", url_api = "https://api.github.com/repos/casey/just/releases/assets/383279442"}
"platforms.linux-x64-musl" = { checksum = "sha256:9293e553ce401d1b524bf4e104918f72f268e3f9c6827e0055fe98d84a1b2522", url = "https://github.com/casey/just/releases/download/1.48.1/just-1.48.1-x86_64-unknown-linux-musl.tar.gz", url_api = "https://api.github.com/repos/casey/just/releases/assets/383279442"}
"platforms.macos-arm64" = { checksum = "sha256:03a73339ff55bcf7411a3c940cdcb0a726d98134b87203c83a9008575434e2a8", url = "https://github.com/casey/just/releases/download/1.48.1/just-1.48.1-aarch64-apple-darwin.tar.gz", url_api = "https://api.github.com/repos/casey/just/releases/assets/383279438"}
"platforms.macos-x64" = { checksum = "sha256:4c3e9c880b8fc93d7fc24abfde3c36b0cc59f6e9f8b31f7175095700f64125a7", url = "https://github.com/casey/just/releases/download/1.48.1/just-1.48.1-x86_64-apple-darwin.tar.gz", url_api = "https://api.github.com/repos/casey/just/releases/assets/383279220"}
"platforms.windows-x64" = { checksum = "sha256:368cd9ca827cba04d9e6fc00f7ad840773c4605b6f64b9f87bdb00325d351029", url = "https://github.com/casey/just/releases/download/1.48.1/just-1.48.1-x86_64-pc-windows-msvc.zip", url_api = "https://api.github.com/repos/casey/just/releases/assets/383280471"}

[[tools."github:cue-lang/cue"]]
version = "0.16.0"
backend = "github:cue-lang/cue"
"platforms.linux-arm64" = { checksum = "sha256:5c5a59bcb31d53c81feee58774752df14baef5c412138f49c208ab15608ac981", url = "https://github.com/cue-lang/cue/releases/download/v0.16.0/cue_v0.16.0_linux_arm64.tar.gz", url_api = "https://api.github.com/repos/cue-lang/cue/releases/assets/366079210"}
"platforms.linux-arm64-musl" = { checksum = "sha256:5c5a59bcb31d53c81feee58774752df14baef5c412138f49c208ab15608ac981", url = "https://github.com/cue-lang/cue/releases/download/v0.16.0/cue_v0.16.0_linux_arm64.tar.gz", url_api = "https://api.github.com/repos/cue-lang/cue/releases/assets/366079210"}
"platforms.linux-x64" = { checksum = "sha256:bbe0c5e85bc101cd1f95e68242f5ad48c3db73bad72be94fe2dc79d3f1ef0d4c", url = "https://github.com/cue-lang/cue/releases/download/v0.16.0/cue_v0.16.0_linux_amd64.tar.gz", url_api = "https://api.github.com/repos/cue-lang/cue/releases/assets/366079211"}
"platforms.linux-x64-musl" = { checksum = "sha256:bbe0c5e85bc101cd1f95e68242f5ad48c3db73bad72be94fe2dc79d3f1ef0d4c", url = "https://github.com/cue-lang/cue/releases/download/v0.16.0/cue_v0.16.0_linux_amd64.tar.gz", url_api = "https://api.github.com/repos/cue-lang/cue/releases/assets/366079211"}
"platforms.macos-arm64" = { checksum = "sha256:83ba7485cbad5f031ffc3e0142bc4f3ab26b53fd4491548939bfa9d5b00f6b66", url = "https://github.com/cue-lang/cue/releases/download/v0.16.0/cue_v0.16.0_darwin_arm64.tar.gz", url_api = "https://api.github.com/repos/cue-lang/cue/releases/assets/366079213"}
"platforms.macos-x64" = { checksum = "sha256:451495b46684fd78120741e1d325f9b21e6843f05ec455d3fb5073ba2a9311db", url = "https://github.com/cue-lang/cue/releases/download/v0.16.0/cue_v0.16.0_darwin_amd64.tar.gz", url_api = "https://api.github.com/repos/cue-lang/cue/releases/assets/366079209"}
"platforms.windows-x64" = { checksum = "sha256:e57180a908a5e35d8a2be00ba620b52fc6fdfc6e1400799d25bb53a115555b03", url = "https://github.com/cue-lang/cue/releases/download/v0.16.0/cue_v0.16.0_windows_amd64.zip", url_api = "https://api.github.com/repos/cue-lang/cue/releases/assets/366079214"}

[[tools."github:nektos/act"]]
version = "0.2.84"
backend = "github:nektos/act"
"platforms.linux-arm64" = { checksum = "sha256:116c7f27c4862fb01730c956c9bc9f51f9d44d8f3850fe6166b7da9f68677a5c", url = "https://github.com/nektos/act/releases/download/v0.2.84/act_Linux_arm64.tar.gz", url_api = "https://api.github.com/repos/nektos/act/releases/assets/335066656"}
"platforms.linux-arm64-musl" = { checksum = "sha256:116c7f27c4862fb01730c956c9bc9f51f9d44d8f3850fe6166b7da9f68677a5c", url = "https://github.com/nektos/act/releases/download/v0.2.84/act_Linux_arm64.tar.gz", url_api = "https://api.github.com/repos/nektos/act/releases/assets/335066656"}
"platforms.linux-x64" = { checksum = "sha256:19d4525fb0d80ff50bd3252d3fa47ee1265a331fe4c39249ac65347e527e16e2", url = "https://github.com/nektos/act/releases/download/v0.2.84/act_Linux_x86_64.tar.gz", url_api = "https://api.github.com/repos/nektos/act/releases/assets/335066655"}
"platforms.linux-x64-musl" = { checksum = "sha256:19d4525fb0d80ff50bd3252d3fa47ee1265a331fe4c39249ac65347e527e16e2", url = "https://github.com/nektos/act/releases/download/v0.2.84/act_Linux_x86_64.tar.gz", url_api = "https://api.github.com/repos/nektos/act/releases/assets/335066655"}
"platforms.macos-arm64" = { checksum = "sha256:6739345c2bf7bbd1a3ceaf6503a9ffbe98b33dd3789edce39e8c844c6b49036b", url = "https://github.com/nektos/act/releases/download/v0.2.84/act_Darwin_arm64.tar.gz", url_api = "https://api.github.com/repos/nektos/act/releases/assets/335066647"}
"platforms.macos-x64" = { checksum = "sha256:46f6f5229a76ebf39fa51dd9ea05cb67db5b05355af204af595553b6d8cee618", url = "https://github.com/nektos/act/releases/download/v0.2.84/act_Darwin_x86_64.tar.gz", url_api = "https://api.github.com/repos/nektos/act/releases/assets/335066660"}
"platforms.windows-x64" = { checksum = "sha256:3b4fcf9497d1f23afbdd40bfa8e78e154d69754da73c2d792a4152b4f8ae5c96", url = "https://github.com/nektos/act/releases/download/v0.2.84/act_Windows_x86_64.zip", url_api = "https://api.github.com/repos/nektos/act/releases/assets/335066649"}

[[tools."github:nushell/nushell"]]
version = "0.110.0"
backend = "github:nushell/nushell"
"platforms.linux-arm64" = { checksum = "sha256:8c6d9655ecce9cea7f53d190d12e351df687614324201f4cf717310abf87d946", url = "https://github.com/nushell/nushell/releases/download/0.110.0/nu-0.110.0-aarch64-unknown-linux-gnu.tar.gz", url_api = "https://api.github.com/repos/nushell/nushell/releases/assets/342124505"}
"platforms.linux-arm64-musl" = { checksum = "sha256:596ce2cc836eb5ca9f710c69995dd9bfac26135cf0cd67ff13ce98e528e7f9f4", url = "https://github.com/nushell/nushell/releases/download/0.110.0/nu-0.110.0-aarch64-unknown-linux-musl.tar.gz", url_api = "https://api.github.com/repos/nushell/nushell/releases/assets/342123418"}
"platforms.linux-x64" = { checksum = "sha256:d68c38d408b04c7d957930d4de15b3ded1520cf322bc6897ef85666955f41889", url = "https://github.com/nushell/nushell/releases/download/0.110.0/nu-0.110.0-x86_64-unknown-linux-gnu.tar.gz", url_api = "https://api.github.com/repos/nushell/nushell/releases/assets/342122557"}
"platforms.linux-x64-musl" = { checksum = "sha256:82b0f24646ad1dc5f1a2f2112b8a25178fb62e085c26b1a00eb2e0be091ce055", url = "https://github.com/nushell/nushell/releases/download/0.110.0/nu-0.110.0-x86_64-unknown-linux-musl.tar.gz", url_api = "https://api.github.com/repos/nushell/nushell/releases/assets/342122564"}
"platforms.macos-arm64" = { checksum = "sha256:6d587b1daf7cb9a8ae4d4e265db4d4ed52ea8b69cdc5a42a02142dda300781ac", url = "https://github.com/nushell/nushell/releases/download/0.110.0/nu-0.110.0-aarch64-apple-darwin.tar.gz", url_api = "https://api.github.com/repos/nushell/nushell/releases/assets/342128877"}
"platforms.macos-x64" = { checksum = "sha256:d31bc17870c85d75b040c82b507071eea79001306cadc64a30917f7c9711b3d5", url = "https://github.com/nushell/nushell/releases/download/0.110.0/nu-0.110.0-x86_64-apple-darwin.tar.gz", url_api = "https://api.github.com/repos/nushell/nushell/releases/assets/342125122"}
"platforms.windows-x64" = { checksum = "sha256:70ad9dbc5e6f82fc5bb1fafe6bc39ddd4e50c8fa1eb5450d5c4a1dc5456161be", url = "https://github.com/nushell/nushell/releases/download/0.110.0/nu-0.110.0-x86_64-pc-windows-msvc.zip", url_api = "https://api.github.com/repos/nushell/nushell/releases/assets/342128214"}
