[[tools."aqua:casey/just"]]
version = "1.42.4"
backend = "aqua:casey/just"

[tools."aqua:casey/just".platforms.linux-x64]
checksum = "blake3:c241a1800cb543183a8cdc483d74e17898ee9528f31eec9bff74b170f303968f"
size = 2003117
url = "https://github.com/casey/just/releases/download/1.42.4/just-1.42.4-x86_64-unknown-linux-musl.tar.gz"

[tools."aqua:casey/just".platforms.linux-amd64]
checksum = "sha256:678efc1cfbd5fa5a88375daa7e2f3864a049d6d63a0296df925a2ae5f516cb56"
size = 2003117
url = "https://github.com/casey/just/releases/download/1.42.4/just-1.42.4-x86_64-unknown-linux-musl.tar.gz"

[tools."aqua:casey/just".platforms.linux-arm64]
checksum = "sha256:beb35a4ed1208ffbb0fef26042c65875759a5358b9ee1a7856dec8490dfd4aca"
size = 1829411
url = "https://github.com/casey/just/releases/download/1.42.4/just-1.42.4-aarch64-unknown-linux-musl.tar.gz"

[tools."aqua:casey/just".platforms.darwin-amd64]
checksum = "sha256:ec8781b4341552877a432a922818f1656bcee6ec51155dbbdba490d9bd8f8dd2"
size = 1836612
url = "https://github.com/casey/just/releases/download/1.42.4/just-1.42.4-x86_64-apple-darwin.tar.gz"

[tools."aqua:casey/just".platforms.darwin-arm64]
checksum = "sha256:9bea24da39a54f1517ebc8d050789e9631eaf9bcec76a94866a9955a3a1a663f"
size = 1701037
url = "https://github.com/casey/just/releases/download/1.42.4/just-1.42.4-aarch64-apple-darwin.tar.gz"

[tools."aqua:casey/just".platforms.windows-amd64]
checksum = "sha256:238cb448eb2ced3f7ac2f32872cf08244179b10b2d3f67e9069087ccbdc3d7f6"
size = 1753550
url = "https://github.com/casey/just/releases/download/1.42.4/just-1.42.4-x86_64-pc-windows-msvc.zip"

[[tools."aqua:nektos/act"]]
version = "0.2.65"
backend = "aqua:nektos/act"

[tools."aqua:nektos/act".platforms.linux-x64]
checksum = "sha256:ececd3b7f21dd8cb7eeab1f77c6a74c0d96547aa013015c92d46dd95dd538fe6"
size = 7087619
url = "https://github.com/nektos/act/releases/download/v0.2.65/act_Linux_x86_64.tar.gz"

[[tools."github:nushell/nushell"]]
version = "0.107.0"
backend = "github:nushell/nushell"

[tools."github:nushell/nushell".platforms.linux-x64]
checksum = "blake3:1c05e8b89e281fe6b96019893c922aa3b25c350ace141e7ee53179f6c87d0af4"
name = "nu-0.107.0-x86_64-unknown-linux-gnu.tar.gz"
size = 62658707
url = "https://github.com/nushell/nushell/releases/download/0.107.0/nu-0.107.0-x86_64-unknown-linux-gnu.tar.gz"

[tools."github:nushell/nushell".platforms.linux-amd64]
checksum = "sha256:dd369b7fedeed3add745bce2dc50e3fe71a7cb48f529456e8887d66f2cde585f"
size = 63274296
url = "https://github.com/nushell/nushell/releases/download/0.107.0/nu-0.107.0-x86_64-unknown-linux-musl.tar.gz"

[tools."github:nushell/nushell".platforms.linux-arm64]
checksum = "sha256:6b1699ca3eb6f762f5fe9c401dda6a03611631bb19d707b9c45fa621e3bf2f36"
size = 60363444
url = "https://github.com/nushell/nushell/releases/download/0.107.0/nu-0.107.0-aarch64-unknown-linux-musl.tar.gz"

[tools."github:nushell/nushell".platforms.darwin-amd64]
checksum = "sha256:e69c2e4f3b68444e17186f289a9a2ed7ec88b57da930892b1a7a3544d68a91d1"
size = 57377102
url = "https://github.com/nushell/nushell/releases/download/0.107.0/nu-0.107.0-x86_64-apple-darwin.tar.gz"

[tools."github:nushell/nushell".platforms.darwin-arm64]
checksum = "sha256:3bc70d98ab2fd94ad8244d233c92aa6e768ca2c91dd860a209ae6ba6d15f1051"
size = 56186842
url = "https://github.com/nushell/nushell/releases/download/0.107.0/nu-0.107.0-aarch64-apple-darwin.tar.gz"

[tools."github:nushell/nushell".platforms.windows-amd64]
checksum = "sha256:6f62ab495b5166239512429886f944eab9153f734a27703516d5eabb5d370e4d"
size = 43717859
url = "https://github.com/nushell/nushell/releases/download/0.107.0/nu-0.107.0-x86_64-pc-windows-msvc.zip"
url_api = "https://api.github.com/repos/nushell/nushell/releases/assets/289026180"

[[tools.pipx]]
version = "1.6.0"
backend = "aqua:pypa/pipx"

[tools.pipx.platforms.linux-x64]
checksum = "blake3:17929aa37de3662be0c03510de8fb9cccacbf610bd721d8732cb8a6d9728aab9"
size = 328863
url = "https://github.com/pypa/pipx/releases/download/1.6.0/pipx.pyz"
