[[tools."http:atlas"]]
version = "0.38.0"
backend = "http:atlas"

[tools."http:atlas".platforms.linux-x64]
url = "https://release.ariga.io/atlas/atlas-linux-amd64-v0.38.0"

[tools."http:atlas".platforms.linux-amd64]
url = "https://release.ariga.io/atlas/atlas-linux-amd64-v0.38.0"

[tools."http:atlas".platforms.linux-arm64]
url = "https://release.ariga.io/atlas/atlas-linux-arm64-v0.38.0"

[tools."http:atlas".platforms.darwin-amd64]
url = "https://release.ariga.io/atlas/atlas-darwin-amd64-v0.38.0"

[tools."http:atlas".platforms.darwin-arm64]
url = "https://release.ariga.io/atlas/atlas-darwin-arm64-v0.38.0"

[[tools."github:bufbuild/buf"]]
version = "1.44.0"
backend = "github:bufbuild/buf"
"platforms.linux-x64" = { checksum = "sha256:b077285b47f20dc4f463c6fa11d0edca84af82ed589a50625adef7bac7883dc7", url = "https://github.com/bufbuild/buf/releases/download/v1.44.0/buf-Linux-x86_64.tar.gz"}
"platforms.macos-arm64" = { checksum = "sha256:8cd711985eff7a20d8fe30fd197c67760db923142adf2612928164e4fb9e9d1b", url = "https://github.com/bufbuild/buf/releases/download/v1.44.0/buf-Darwin-arm64.tar.gz"}

[[tools."github:go-task/task"]]
version = "v3.49.1"
backend = "github:go-task/task"
"platforms.linux-arm64" = { checksum = "sha256:aa6732c9c66397c5380ec2b60c070fd599075b2a8538dba03f3a21edc99ab0cb", url = "https://github.com/go-task/task/releases/download/v3.49.1/task_linux_arm64.tar.gz", url_api = "https://api.github.com/repos/go-task/task/releases/assets/369609773"}
"platforms.linux-x64" = { checksum = "sha256:4e7d24f1bf38218aec8f244eb7ba671f898830f9f87b3c9b30ff1c09e3135576", url = "https://github.com/go-task/task/releases/download/v3.49.1/task_linux_amd64.tar.gz", url_api = "https://api.github.com/repos/go-task/task/releases/assets/369609772"}
"platforms.macos-arm64" = { checksum = "sha256:0f556b66df69d53b790c7fd26bfab73543b4a5ce1767df6b2e8499619e2a205b", url = "https://github.com/go-task/task/releases/download/v3.49.1/task_darwin_arm64.tar.gz", url_api = "https://api.github.com/repos/go-task/task/releases/assets/369609792"}
"platforms.macos-x64" = { checksum = "sha256:8bc4dd3baed1c71956ade0bb0a9c1b94e3ed7b65e7f2ff3aab13d0562c820e59", url = "https://github.com/go-task/task/releases/download/v3.49.1/task_darwin_amd64.tar.gz", url_api = "https://api.github.com/repos/go-task/task/releases/assets/369609774"}
"platforms.windows-x64" = { checksum = "sha256:725c551f699d4d6c0dc57bd8148f72bef8d5b2fb650d9c985f271a61522fd521", url = "https://github.com/go-task/task/releases/download/v3.49.1/task_windows_amd64.zip", url_api = "https://api.github.com/repos/go-task/task/releases/assets/369609805"}

[[tools."github:hairyhenderson/gomplate"]]
version = "4.3.3"
backend = "github:hairyhenderson/gomplate"
"platforms.linux-arm64" = { checksum = "sha256:25bd73720ff470cec0dfaa31ca2c436b30f86142db9af68382ce64e0f3e7b9c5", url = "https://github.com/hairyhenderson/gomplate/releases/download/v4.3.3/gomplate_linux-arm64"}
"platforms.linux-x64" = { checksum = "sha256:ca281666e86f2f09218c1653e1908f572c0e349e9de64cb4ea93ade9333f0596", url = "https://github.com/hairyhenderson/gomplate/releases/download/v4.3.3/gomplate_linux-amd64"}
"platforms.macos-arm64" = { checksum = "sha256:a3f6dd646d73840737e98fec6296e5c9ca95fcdd21fbdd0f4591aceab06f926d", url = "https://github.com/hairyhenderson/gomplate/releases/download/v4.3.3/gomplate_darwin-arm64"}

[[tools."github:dapr/cli"]]
version = "1.16.1"
backend = "github:dapr/cli"
"platforms.linux-arm64" = { checksum = "sha256:56e890cad046ac24782e69ea8000d51c87a5ff2c218d3f86053110737ddb6f35", url = "https://github.com/dapr/cli/releases/download/v1.16.1/dapr_linux_arm64.tar.gz", url_api = "https://api.github.com/repos/dapr/cli/releases/assets/294696932"}
"platforms.linux-x64" = { checksum = "sha256:89f24f2daeee460c6dd0168fe5e2cdb9c5954adc48438bf51e364f99831ae1ea", url = "https://github.com/dapr/cli/releases/download/v1.16.1/dapr_linux_amd64.tar.gz", url_api = "https://api.github.com/repos/dapr/cli/releases/assets/294696923"}

[[tools."github:dapr/dapr"]]
version = "1.16.1"
backend = "github:dapr/dapr"
"platforms.linux-arm64" = { checksum = "sha256:c20ee86ed3cc06e0f8178cf7cc94c3bc283f174a0abda653d517a34de5795216", url = "https://github.com/dapr/dapr/releases/download/v1.16.1/daprd_linux_arm64-stablecomponents.tar.gz", url_api = "https://api.github.com/repos/dapr/dapr/releases/assets/301165672"}
"platforms.linux-x64" = { checksum = "sha256:428f4f49d3c5766f34e3f89e602c230c940c3b2a0b330bb160de263015727ef7", url = "https://github.com/dapr/dapr/releases/download/v1.16.1/daprd_linux_amd64-stablecomponents.tar.gz", url_api = "https://api.github.com/repos/dapr/dapr/releases/assets/301165623"}
"platforms.macos-arm64" = { checksum = "sha256:e4760b2602c784edba73525d5de850e603c63bd399dfc2ad9858bb3a00e41fdd", url = "https://github.com/dapr/dapr/releases/download/v1.16.1/daprd_darwin_arm64.tar.gz", url_api = "https://api.github.com/repos/dapr/dapr/releases/assets/301165607"}

[[tools."github:xataio/pgstream"]]
version = "0.8.5"
backend = "github:xataio/pgstream"
"platforms.linux-arm64" = { checksum = "sha256:7bab60d1e7af93b1b1d17cb5a73e45085c0e70e3f896a3ab21bd693430e8cf78", url = "https://github.com/xataio/pgstream/releases/download/v0.8.5/pgstream.linux.arm64", url_api = "https://api.github.com/repos/xataio/pgstream/releases/assets/304630303"}
"platforms.linux-x64" = { checksum = "sha256:7404fb6c01c42d5f59d40dd5c785002a67058f83626624a68de301fe7ed7bb31", url = "https://github.com/xataio/pgstream/releases/download/v0.8.5/pgstream.linux.amd64", url_api = "https://api.github.com/repos/xataio/pgstream/releases/assets/304630302"}
"platforms.macos-arm64" = { checksum = "sha256:adfdc6e6d48a1435477e6e7432675b173ce4b5a4e6b51b37bf72d9cffdeed1a7", url = "https://github.com/xataio/pgstream/releases/download/v0.8.5/pgstream.macos.arm64", url_api = "https://api.github.com/repos/xataio/pgstream/releases/assets/304630305"}
