# @generated - this file is auto-generated by `mise lock` https://mise.jdx.dev/dev-tools/mise-lock.html

[[tools."github:bufbuild/buf"]]
version = "1.44.0"
backend = "github:bufbuild/buf"

[tools."github:bufbuild/buf"."platforms.linux-arm64"]
url = "https://github.com/bufbuild/buf/releases/download/v1.44.0/buf-Linux-aarch64.tar.gz"
url_api = "https://api.github.com/repos/bufbuild/buf/releases/assets/196668345"

[tools."github:bufbuild/buf"."platforms.linux-arm64-musl"]
url = "https://github.com/bufbuild/buf/releases/download/v1.44.0/buf-Linux-aarch64.tar.gz"
url_api = "https://api.github.com/repos/bufbuild/buf/releases/assets/196668345"

[tools."github:bufbuild/buf"."platforms.linux-x64"]
url = "https://github.com/bufbuild/buf/releases/download/v1.44.0/buf-Linux-x86_64.tar.gz"
url_api = "https://api.github.com/repos/bufbuild/buf/releases/assets/196668347"

[tools."github:bufbuild/buf"."platforms.linux-x64-musl"]
url = "https://github.com/bufbuild/buf/releases/download/v1.44.0/buf-Linux-x86_64.tar.gz"
url_api = "https://api.github.com/repos/bufbuild/buf/releases/assets/196668347"

[tools."github:bufbuild/buf"."platforms.macos-arm64"]
url = "https://github.com/bufbuild/buf/releases/download/v1.44.0/buf-Darwin-arm64.tar.gz"
url_api = "https://api.github.com/repos/bufbuild/buf/releases/assets/196668340"

[tools."github:bufbuild/buf"."platforms.macos-x64"]
url = "https://github.com/bufbuild/buf/releases/download/v1.44.0/buf-Darwin-x86_64.tar.gz"
url_api = "https://api.github.com/repos/bufbuild/buf/releases/assets/196668339"

[tools."github:bufbuild/buf"."platforms.windows-x64"]
url = "https://github.com/bufbuild/buf/releases/download/v1.44.0/buf-Windows-x86_64.zip"
url_api = "https://api.github.com/repos/bufbuild/buf/releases/assets/196668353"

[[tools."github:dapr/cli"]]
version = "1.16.1"
backend = "github:dapr/cli"

[tools."github:dapr/cli"."platforms.linux-arm64"]
checksum = "sha256:56e890cad046ac24782e69ea8000d51c87a5ff2c218d3f86053110737ddb6f35"
url = "https://github.com/dapr/cli/releases/download/v1.16.1/dapr_linux_arm64.tar.gz"
url_api = "https://api.github.com/repos/dapr/cli/releases/assets/294696932"

[tools."github:dapr/cli"."platforms.linux-arm64-musl"]
checksum = "sha256:56e890cad046ac24782e69ea8000d51c87a5ff2c218d3f86053110737ddb6f35"
url = "https://github.com/dapr/cli/releases/download/v1.16.1/dapr_linux_arm64.tar.gz"
url_api = "https://api.github.com/repos/dapr/cli/releases/assets/294696932"

[tools."github:dapr/cli"."platforms.linux-x64"]
checksum = "sha256:89f24f2daeee460c6dd0168fe5e2cdb9c5954adc48438bf51e364f99831ae1ea"
url = "https://github.com/dapr/cli/releases/download/v1.16.1/dapr_linux_amd64.tar.gz"
url_api = "https://api.github.com/repos/dapr/cli/releases/assets/294696923"

[tools."github:dapr/cli"."platforms.linux-x64-musl"]
checksum = "sha256:89f24f2daeee460c6dd0168fe5e2cdb9c5954adc48438bf51e364f99831ae1ea"
url = "https://github.com/dapr/cli/releases/download/v1.16.1/dapr_linux_amd64.tar.gz"
url_api = "https://api.github.com/repos/dapr/cli/releases/assets/294696923"

[tools."github:dapr/cli"."platforms.macos-arm64"]
checksum = "sha256:814012d7fb7e793543a2d46a53aea839a5491a121085ce17da1dd49c04d5624a"
url = "https://github.com/dapr/cli/releases/download/v1.16.1/dapr_darwin_arm64.tar.gz"
url_api = "https://api.github.com/repos/dapr/cli/releases/assets/294696920"

[tools."github:dapr/cli"."platforms.macos-x64"]
checksum = "sha256:308fedb4515508149dfb3eb9b3a7be7a426763f0914e46ccde3c07ae49852d79"
url = "https://github.com/dapr/cli/releases/download/v1.16.1/dapr_darwin_amd64.tar.gz"
url_api = "https://api.github.com/repos/dapr/cli/releases/assets/294696913"

[tools."github:dapr/cli"."platforms.windows-x64"]
checksum = "sha256:cf93e9ac53610d42b74c2d5f06ec12bd77fe1a05e1cb97eed6415f839a1bdc99"
url = "https://github.com/dapr/cli/releases/download/v1.16.1/dapr_windows_amd64.zip"
url_api = "https://api.github.com/repos/dapr/cli/releases/assets/294696934"

[[tools."github:dapr/dapr"]]
version = "1.16.1"
backend = "github:dapr/dapr"

[tools."github:dapr/dapr"."platforms.linux-arm64"]
checksum = "sha256:c20ee86ed3cc06e0f8178cf7cc94c3bc283f174a0abda653d517a34de5795216"
url = "https://github.com/dapr/dapr/releases/download/v1.16.1/daprd_linux_arm64-stablecomponents.tar.gz"
url_api = "https://api.github.com/repos/dapr/dapr/releases/assets/301165672"

[tools."github:dapr/dapr"."platforms.linux-arm64-musl"]
checksum = "sha256:c20ee86ed3cc06e0f8178cf7cc94c3bc283f174a0abda653d517a34de5795216"
url = "https://github.com/dapr/dapr/releases/download/v1.16.1/daprd_linux_arm64-stablecomponents.tar.gz"
url_api = "https://api.github.com/repos/dapr/dapr/releases/assets/301165672"

[tools."github:dapr/dapr"."platforms.linux-x64"]
checksum = "sha256:428f4f49d3c5766f34e3f89e602c230c940c3b2a0b330bb160de263015727ef7"
url = "https://github.com/dapr/dapr/releases/download/v1.16.1/daprd_linux_amd64-stablecomponents.tar.gz"
url_api = "https://api.github.com/repos/dapr/dapr/releases/assets/301165623"

[tools."github:dapr/dapr"."platforms.linux-x64-musl"]
checksum = "sha256:428f4f49d3c5766f34e3f89e602c230c940c3b2a0b330bb160de263015727ef7"
url = "https://github.com/dapr/dapr/releases/download/v1.16.1/daprd_linux_amd64-stablecomponents.tar.gz"
url_api = "https://api.github.com/repos/dapr/dapr/releases/assets/301165623"

[tools."github:dapr/dapr"."platforms.macos-arm64"]
checksum = "sha256:e4760b2602c784edba73525d5de850e603c63bd399dfc2ad9858bb3a00e41fdd"
url = "https://github.com/dapr/dapr/releases/download/v1.16.1/daprd_darwin_arm64.tar.gz"
url_api = "https://api.github.com/repos/dapr/dapr/releases/assets/301165607"

[tools."github:dapr/dapr"."platforms.macos-x64"]
checksum = "sha256:93dc3d6901645c0c5f7ac22f708128c1f33659b6b3ed6f45c6f63f4fce036135"
url = "https://github.com/dapr/dapr/releases/download/v1.16.1/daprd_darwin_amd64.tar.gz"
url_api = "https://api.github.com/repos/dapr/dapr/releases/assets/301165601"

[tools."github:dapr/dapr"."platforms.windows-x64"]
checksum = "sha256:564902f1e709fc05b22d2f7ef1e76f371643123467cd936f03e73b7ff3dfb179"
url = "https://github.com/dapr/dapr/releases/download/v1.16.1/daprd_windows_amd64.zip"
url_api = "https://api.github.com/repos/dapr/dapr/releases/assets/301165704"

[[tools."github:go-task/task"]]
version = "v3.49.1"
backend = "github:go-task/task"

[tools."github:go-task/task"."platforms.linux-arm64"]
checksum = "sha256:aa6732c9c66397c5380ec2b60c070fd599075b2a8538dba03f3a21edc99ab0cb"
url = "https://github.com/go-task/task/releases/download/v3.49.1/task_linux_arm64.tar.gz"
url_api = "https://api.github.com/repos/go-task/task/releases/assets/369609773"

[tools."github:go-task/task"."platforms.linux-arm64-musl"]
checksum = "sha256:aa6732c9c66397c5380ec2b60c070fd599075b2a8538dba03f3a21edc99ab0cb"
url = "https://github.com/go-task/task/releases/download/v3.49.1/task_linux_arm64.tar.gz"
url_api = "https://api.github.com/repos/go-task/task/releases/assets/369609773"

[tools."github:go-task/task"."platforms.linux-x64"]
checksum = "sha256:4e7d24f1bf38218aec8f244eb7ba671f898830f9f87b3c9b30ff1c09e3135576"
url = "https://github.com/go-task/task/releases/download/v3.49.1/task_linux_amd64.tar.gz"
url_api = "https://api.github.com/repos/go-task/task/releases/assets/369609772"

[tools."github:go-task/task"."platforms.linux-x64-musl"]
checksum = "sha256:4e7d24f1bf38218aec8f244eb7ba671f898830f9f87b3c9b30ff1c09e3135576"
url = "https://github.com/go-task/task/releases/download/v3.49.1/task_linux_amd64.tar.gz"
url_api = "https://api.github.com/repos/go-task/task/releases/assets/369609772"

[tools."github:go-task/task"."platforms.macos-arm64"]
checksum = "sha256:0f556b66df69d53b790c7fd26bfab73543b4a5ce1767df6b2e8499619e2a205b"
url = "https://github.com/go-task/task/releases/download/v3.49.1/task_darwin_arm64.tar.gz"
url_api = "https://api.github.com/repos/go-task/task/releases/assets/369609792"

[tools."github:go-task/task"."platforms.macos-x64"]
checksum = "sha256:8bc4dd3baed1c71956ade0bb0a9c1b94e3ed7b65e7f2ff3aab13d0562c820e59"
url = "https://github.com/go-task/task/releases/download/v3.49.1/task_darwin_amd64.tar.gz"
url_api = "https://api.github.com/repos/go-task/task/releases/assets/369609774"

[tools."github:go-task/task"."platforms.windows-x64"]
checksum = "sha256:725c551f699d4d6c0dc57bd8148f72bef8d5b2fb650d9c985f271a61522fd521"
url = "https://github.com/go-task/task/releases/download/v3.49.1/task_windows_amd64.zip"
url_api = "https://api.github.com/repos/go-task/task/releases/assets/369609805"

[[tools."github:hairyhenderson/gomplate"]]
version = "4.3.3"
backend = "github:hairyhenderson/gomplate"

[tools."github:hairyhenderson/gomplate"."platforms.linux-arm64"]
checksum = "sha256:25bd73720ff470cec0dfaa31ca2c436b30f86142db9af68382ce64e0f3e7b9c5"
url = "https://github.com/hairyhenderson/gomplate/releases/download/v4.3.3/gomplate_linux-arm64"
url_api = "https://api.github.com/repos/hairyhenderson/gomplate/releases/assets/272320645"

[tools."github:hairyhenderson/gomplate"."platforms.linux-arm64-musl"]
checksum = "sha256:25bd73720ff470cec0dfaa31ca2c436b30f86142db9af68382ce64e0f3e7b9c5"
url = "https://github.com/hairyhenderson/gomplate/releases/download/v4.3.3/gomplate_linux-arm64"
url_api = "https://api.github.com/repos/hairyhenderson/gomplate/releases/assets/272320645"

[tools."github:hairyhenderson/gomplate"."platforms.linux-x64"]
checksum = "sha256:ca281666e86f2f09218c1653e1908f572c0e349e9de64cb4ea93ade9333f0596"
url = "https://github.com/hairyhenderson/gomplate/releases/download/v4.3.3/gomplate_linux-amd64"
url_api = "https://api.github.com/repos/hairyhenderson/gomplate/releases/assets/272320642"

[tools."github:hairyhenderson/gomplate"."platforms.linux-x64-musl"]
checksum = "sha256:ca281666e86f2f09218c1653e1908f572c0e349e9de64cb4ea93ade9333f0596"
url = "https://github.com/hairyhenderson/gomplate/releases/download/v4.3.3/gomplate_linux-amd64"
url_api = "https://api.github.com/repos/hairyhenderson/gomplate/releases/assets/272320642"

[tools."github:hairyhenderson/gomplate"."platforms.macos-arm64"]
checksum = "sha256:a3f6dd646d73840737e98fec6296e5c9ca95fcdd21fbdd0f4591aceab06f926d"
url = "https://github.com/hairyhenderson/gomplate/releases/download/v4.3.3/gomplate_darwin-arm64"
url_api = "https://api.github.com/repos/hairyhenderson/gomplate/releases/assets/272320636"

[tools."github:hairyhenderson/gomplate"."platforms.macos-x64"]
checksum = "sha256:3bd05501b63c407d7647a14cc1e37bf04f8bb40de90e9d5ac80598e45a658235"
url = "https://github.com/hairyhenderson/gomplate/releases/download/v4.3.3/gomplate_darwin-amd64"
url_api = "https://api.github.com/repos/hairyhenderson/gomplate/releases/assets/272320640"

[tools."github:hairyhenderson/gomplate"."platforms.windows-x64"]
checksum = "sha256:0281d00e54f5ca276b5c3387bbc84952d253b40450fbf7c07d217d1417e41885"
url = "https://github.com/hairyhenderson/gomplate/releases/download/v4.3.3/gomplate_windows-amd64.zip"
url_api = "https://api.github.com/repos/hairyhenderson/gomplate/releases/assets/272320655"

[[tools."github:xataio/pgstream"]]
version = "0.8.5"
backend = "github:xataio/pgstream"

[tools."github:xataio/pgstream"."platforms.linux-arm64"]
checksum = "sha256:7bab60d1e7af93b1b1d17cb5a73e45085c0e70e3f896a3ab21bd693430e8cf78"
url = "https://github.com/xataio/pgstream/releases/download/v0.8.5/pgstream.linux.arm64"
url_api = "https://api.github.com/repos/xataio/pgstream/releases/assets/304630303"

[tools."github:xataio/pgstream"."platforms.linux-arm64-musl"]
checksum = "sha256:7bab60d1e7af93b1b1d17cb5a73e45085c0e70e3f896a3ab21bd693430e8cf78"
url = "https://github.com/xataio/pgstream/releases/download/v0.8.5/pgstream.linux.arm64"
url_api = "https://api.github.com/repos/xataio/pgstream/releases/assets/304630303"

[tools."github:xataio/pgstream"."platforms.linux-x64"]
checksum = "sha256:7404fb6c01c42d5f59d40dd5c785002a67058f83626624a68de301fe7ed7bb31"
url = "https://github.com/xataio/pgstream/releases/download/v0.8.5/pgstream.linux.amd64"
url_api = "https://api.github.com/repos/xataio/pgstream/releases/assets/304630302"

[tools."github:xataio/pgstream"."platforms.linux-x64-musl"]
checksum = "sha256:7404fb6c01c42d5f59d40dd5c785002a67058f83626624a68de301fe7ed7bb31"
url = "https://github.com/xataio/pgstream/releases/download/v0.8.5/pgstream.linux.amd64"
url_api = "https://api.github.com/repos/xataio/pgstream/releases/assets/304630302"

[tools."github:xataio/pgstream"."platforms.macos-arm64"]
checksum = "sha256:adfdc6e6d48a1435477e6e7432675b173ce4b5a4e6b51b37bf72d9cffdeed1a7"
url = "https://github.com/xataio/pgstream/releases/download/v0.8.5/pgstream.macos.arm64"
url_api = "https://api.github.com/repos/xataio/pgstream/releases/assets/304630305"

[tools."github:xataio/pgstream"."platforms.macos-x64"]
checksum = "sha256:17341277003c04350cf2b09480483e97d00046e274d531c91380a6c77d296cf8"
url = "https://github.com/xataio/pgstream/releases/download/v0.8.5/pgstream.macos.amd64"
url_api = "https://api.github.com/repos/xataio/pgstream/releases/assets/304630304"

[tools."github:xataio/pgstream"."platforms.windows-x64"]
checksum = "sha256:82d19dfcfdb4a804665364242813cfe440cc13c89c0979f43792ceada0e01b9b"
url = "https://github.com/xataio/pgstream/releases/download/v0.8.5/pgstream.win.amd64.exe"
url_api = "https://api.github.com/repos/xataio/pgstream/releases/assets/304630331"

[[tools."http:atlas"]]
version = "0.38.0"
backend = "http:atlas"

[tools."http:atlas"."platforms.linux-arm64"]
url = "https://release.ariga.io/atlas/atlas-linux-arm64-v0.38.0"

[tools."http:atlas"."platforms.linux-arm64-musl"]
url = "https://release.ariga.io/atlas/atlas-linux-arm64-v0.38.0"

[tools."http:atlas"."platforms.linux-x64"]
url = "https://release.ariga.io/atlas/atlas-linux-amd64-v0.38.0"

[tools."http:atlas"."platforms.linux-x64-musl"]
url = "https://release.ariga.io/atlas/atlas-linux-amd64-v0.38.0"

[tools."http:atlas"."platforms.macos-arm64"]
url = "https://release.ariga.io/atlas/atlas-darwin-arm64-v0.38.0"

[tools."http:atlas"."platforms.macos-x64"]
url = "https://release.ariga.io/atlas/atlas-darwin-amd64-v0.38.0"

[tools."http:atlas"."platforms.windows-x64"]
url = "https://release.ariga.io/atlas/atlas-windows-amd64-v0.38.0"
