[[tools."aqua:ariga/atlas"]]
version = "0.38.0"
backend = "aqua:ariga/atlas"

[[tools."aqua:bufbuild/buf"]]
version = "1.44.0"
backend = "aqua:bufbuild/buf"

[tools."aqua:bufbuild/buf".platforms.macos-arm64]
checksum = "sha256:8cd711985eff7a20d8fe30fd197c67760db923142adf2612928164e4fb9e9d1b"
size = 23819213
url = "https://github.com/bufbuild/buf/releases/download/v1.44.0/buf-Darwin-arm64.tar.gz"

[[tools."aqua:go-task/task"]]
version = "3.44.1"
backend = "aqua:go-task/task"

[tools."aqua:go-task/task".platforms.macos-arm64]
checksum = "sha256:0784902e0a531cb4a9a4d91fc6235f344afdab963ee08042635e9b020eb72350"
size = 6525776
url = "https://github.com/go-task/task/releases/download/v3.44.1/task_darwin_arm64.tar.gz"

[[tools."aqua:hairyhenderson/gomplate"]]
version = "4.3.3"
backend = "aqua:hairyhenderson/gomplate"

[tools."aqua:hairyhenderson/gomplate".platforms.macos-arm64]
checksum = "sha256:a3f6dd646d73840737e98fec6296e5c9ca95fcdd21fbdd0f4591aceab06f926d"
size = 86362226
url = "https://github.com/hairyhenderson/gomplate/releases/download/v4.3.3/gomplate_darwin-arm64"

[[tools."github:dapr/dapr"]]
version = "1.16.1"
backend = "github:dapr/dapr"

[tools."github:dapr/dapr".platforms.macos-arm64]
checksum = "sha256:e4760b2602c784edba73525d5de850e603c63bd399dfc2ad9858bb3a00e41fdd"
name = "daprd_darwin_arm64.tar.gz"
size = 55717160
url = "https://github.com/dapr/dapr/releases/download/v1.16.1/daprd_darwin_arm64.tar.gz"
url_api = "https://api.github.com/repos/dapr/dapr/releases/assets/301165607"

[[tools."github:xataio/pgstream"]]
version = "0.8.5"
backend = "github:xataio/pgstream"

[tools."github:xataio/pgstream".platforms.macos-arm64]
checksum = "sha256:adfdc6e6d48a1435477e6e7432675b173ce4b5a4e6b51b37bf72d9cffdeed1a7"
name = "pgstream.macos.arm64"
size = 149019986
url = "https://github.com/xataio/pgstream/releases/download/v0.8.5/pgstream.macos.arm64"
url_api = "https://api.github.com/repos/xataio/pgstream/releases/assets/304630305"
