# @generated - this file is auto-generated by `mise lock` https://mise.jdx.dev/dev-tools/mise-lock.html

[[tools.bun]]
version = "1.2.17"
backend = "core:bun"

[tools.bun."platforms.linux-arm64"]
checksum = "sha256:a0b996f48c977beb4e87b09a471ded7e63ee5c2fb4b72790c7ab4badbc147d6b"
url = "https://github.com/oven-sh/bun/releases/download/bun-v1.2.17/bun-linux-aarch64.zip"

[tools.bun."platforms.linux-arm64-musl"]
checksum = "sha256:e85feb78bbff552ff6dcde0d99a7618f20df4544efd6248d9e97939709bc9406"
url = "https://github.com/oven-sh/bun/releases/download/bun-v1.2.17/bun-linux-aarch64-musl.zip"

[tools.bun."platforms.linux-x64"]
checksum = "sha256:6054207074653b4dbc2320d5a61e664e4b6f42379efc18d6181bffcc07a43193"
url = "https://github.com/oven-sh/bun/releases/download/bun-v1.2.17/bun-linux-x64.zip"

[tools.bun."platforms.linux-x64-baseline"]
checksum = "sha256:6ea1861db6a6cd44d1c8b4bafb22006f4ae49f6a2d077623bf3f456ada026d67"
url = "https://github.com/oven-sh/bun/releases/download/bun-v1.2.17/bun-linux-x64-baseline.zip"

[tools.bun."platforms.linux-x64-musl"]
checksum = "sha256:216778c93df72a06d214cf2e3890f99f8d18b09364f009ef54c4be000943b15d"
url = "https://github.com/oven-sh/bun/releases/download/bun-v1.2.17/bun-linux-x64-musl.zip"

[tools.bun."platforms.linux-x64-musl-baseline"]
checksum = "sha256:db1264273691208b536253241cb7528a393f30139c60129947f60b0fa085bbfa"
url = "https://github.com/oven-sh/bun/releases/download/bun-v1.2.17/bun-linux-x64-musl-baseline.zip"

[tools.bun."platforms.macos-arm64"]
checksum = "sha256:9f55fd213f2f768d02eb5b9885aaa44b1e1307a680c18622b57095302a931af9"
url = "https://github.com/oven-sh/bun/releases/download/bun-v1.2.17/bun-darwin-aarch64.zip"

[tools.bun."platforms.macos-x64"]
checksum = "sha256:038023b8dbdccc93383398a0c1be2ca82716649479cfae708b533ca7a9c5d083"
url = "https://github.com/oven-sh/bun/releases/download/bun-v1.2.17/bun-darwin-x64.zip"

[tools.bun."platforms.macos-x64-baseline"]
checksum = "sha256:a54b6a1778a522d8f8cf57c18095aca7642b009cf81613e48805fd82954fb0c1"
url = "https://github.com/oven-sh/bun/releases/download/bun-v1.2.17/bun-darwin-x64-baseline.zip"

[tools.bun."platforms.windows-x64"]
checksum = "sha256:869a9401e119306459a4992e4b3655484c2541c93f0ae470fc8500a82d84fd4b"
url = "https://github.com/oven-sh/bun/releases/download/bun-v1.2.17/bun-windows-x64.zip"

[tools.bun."platforms.windows-x64-baseline"]
checksum = "sha256:803e6a7d8bed9063ef7833de036aca0d1a23e5d25cd7a8cf628cba50a3199f18"
url = "https://github.com/oven-sh/bun/releases/download/bun-v1.2.17/bun-windows-x64-baseline.zip"
