[[tools."aqua:GoogleContainerTools/skaffold"]]
version = "2.13.2"
backend = "aqua:GoogleContainerTools/skaffold"

[tools."aqua:GoogleContainerTools/skaffold".platforms.linux-x64]
checksum = "blake3:af2cecd23fa9d802bc1a81fbcf85c2c16c1905b47fe05208bf2e79e276ee4123"
size = 87081112
url = "https://storage.googleapis.com/skaffold/releases/v2.13.2/skaffold-linux-amd64"

[[tools."aqua:getsops/sops"]]
version = "3.9.1"
backend = "aqua:getsops/sops"

[tools."aqua:getsops/sops".platforms.linux-x64]
checksum = "sha256:cd795109851c3a483bbaa66d15d19ddb2227ac0352b39e25d96b67d51edb6225"
size = 29175960
url = "https://github.com/getsops/sops/releases/download/v3.9.1/sops-v3.9.1.linux.amd64"

[tools."aqua:getsops/sops".platforms.linux-amd64]
checksum = "sha256:cd795109851c3a483bbaa66d15d19ddb2227ac0352b39e25d96b67d51edb6225"
size = 29175960
url = "https://github.com/getsops/sops/releases/download/v3.9.1/sops-v3.9.1.linux.amd64"

[tools."aqua:getsops/sops".platforms.linux-arm64]
checksum = "sha256:bc946fef11dbe199587adac567037b69374c4202f928ca138443539efc85b357"
size = 27656344
url = "https://github.com/getsops/sops/releases/download/v3.9.1/sops-v3.9.1.linux.arm64"

[[tools."aqua:kubernetes/kubernetes/kubectl"]]
version = "1.31.2"
backend = "aqua:kubernetes/kubernetes/kubectl"

[tools."aqua:kubernetes/kubernetes/kubectl".platforms.linux-x64]
checksum = "sha256:399e9d1995da80b64d2ef3606c1a239018660d8b35209fba3f7b0bc11c631c68"
size = 56381592
url = "https://dl.k8s.io/v1.31.2/bin/linux/amd64/kubectl"

[[tools."aqua:viaduct-ai/kustomize-sops"]]
version = "4.3.2"
backend = "aqua:viaduct-ai/kustomize-sops"

[tools."aqua:viaduct-ai/kustomize-sops".platforms.linux-x64]
checksum = "sha256:35eb1aa34e9f210e2dad767d483855e176b00954091c4ec7e77a958ecd0b02b4"
size = 9226366
url = "https://github.com/viaduct-ai/kustomize-sops/releases/download/v4.3.2/ksops_4.3.2_Linux_x86_64.tar.gz"
