# @generated - this file is auto-generated by `mise lock` https://mise.jdx.dev/dev-tools/mise-lock.html

[[tools."github:getsops/sops"]]
version = "3.12.2"
backend = "github:getsops/sops"

[tools."github:getsops/sops"."platforms.linux-arm64"]
checksum = "sha256:f66de6f528dca946e910d74fa36a62a7714c11d0db16bd3c9bd8acf73b66704b"
url = "https://github.com/getsops/sops/releases/download/v3.12.2/sops-v3.12.2.linux.arm64"
url_api = "https://api.github.com/repos/getsops/sops/releases/assets/376249985"

[tools."github:getsops/sops"."platforms.linux-arm64-musl"]
checksum = "sha256:f66de6f528dca946e910d74fa36a62a7714c11d0db16bd3c9bd8acf73b66704b"
url = "https://github.com/getsops/sops/releases/download/v3.12.2/sops-v3.12.2.linux.arm64"
url_api = "https://api.github.com/repos/getsops/sops/releases/assets/376249985"

[tools."github:getsops/sops"."platforms.linux-x64"]
checksum = "sha256:14e2e1ba3bef31e74b70cf0b674f6443c80f6c5f3df15d05ffc57c34851b4998"
url = "https://github.com/getsops/sops/releases/download/v3.12.2/sops-v3.12.2.linux.amd64"
url_api = "https://api.github.com/repos/getsops/sops/releases/assets/376249998"

[tools."github:getsops/sops"."platforms.linux-x64-musl"]
checksum = "sha256:14e2e1ba3bef31e74b70cf0b674f6443c80f6c5f3df15d05ffc57c34851b4998"
url = "https://github.com/getsops/sops/releases/download/v3.12.2/sops-v3.12.2.linux.amd64"
url_api = "https://api.github.com/repos/getsops/sops/releases/assets/376249998"

[tools."github:getsops/sops"."platforms.macos-arm64"]
checksum = "sha256:284edc64acf91ca249f227ffa2b444632656e4e1ac02baa26bed7051a7d51ce5"
url = "https://github.com/getsops/sops/releases/download/v3.12.2/sops-v3.12.2.darwin.arm64"
url_api = "https://api.github.com/repos/getsops/sops/releases/assets/376249982"

[tools."github:getsops/sops"."platforms.macos-x64"]
checksum = "sha256:767c0dcb42e052fd6f2ac17d4473eca6f5fc4910e2b70127f1308d86c606c022"
url = "https://github.com/getsops/sops/releases/download/v3.12.2/sops-v3.12.2.darwin.amd64"
url_api = "https://api.github.com/repos/getsops/sops/releases/assets/376249984"

[tools."github:getsops/sops"."platforms.windows-x64"]
checksum = "sha256:1d5382d11932a662a5d7e7dddf223289c2fe16f2da5b7478a64c0513d5a6733b"
url = "https://github.com/getsops/sops/releases/download/v3.12.2/sops-3.12.2-1.x86_64.rpm"
url_api = "https://api.github.com/repos/getsops/sops/releases/assets/376250023"

[[tools."github:kubernetes-sigs/kind"]]
version = "0.31.0"
backend = "github:kubernetes-sigs/kind"

[tools."github:kubernetes-sigs/kind"."platforms.linux-arm64"]
checksum = "sha256:8e1014e87c34901cc422a1445866835d1e666f2a61301c27e722bdeab5a1f7e4"
url = "https://github.com/kubernetes-sigs/kind/releases/download/v0.31.0/kind-linux-arm64"
url_api = "https://api.github.com/repos/kubernetes-sigs/kind/releases/assets/330009872"

[tools."github:kubernetes-sigs/kind"."platforms.linux-arm64-musl"]
checksum = "sha256:8e1014e87c34901cc422a1445866835d1e666f2a61301c27e722bdeab5a1f7e4"
url = "https://github.com/kubernetes-sigs/kind/releases/download/v0.31.0/kind-linux-arm64"
url_api = "https://api.github.com/repos/kubernetes-sigs/kind/releases/assets/330009872"

[tools."github:kubernetes-sigs/kind"."platforms.linux-x64"]
checksum = "sha256:eb244cbafcc157dff60cf68693c14c9a75c4e6e6fedaf9cd71c58117cb93e3fa"
url = "https://github.com/kubernetes-sigs/kind/releases/download/v0.31.0/kind-linux-amd64"
url_api = "https://api.github.com/repos/kubernetes-sigs/kind/releases/assets/330009836"

[tools."github:kubernetes-sigs/kind"."platforms.linux-x64-musl"]
checksum = "sha256:eb244cbafcc157dff60cf68693c14c9a75c4e6e6fedaf9cd71c58117cb93e3fa"
url = "https://github.com/kubernetes-sigs/kind/releases/download/v0.31.0/kind-linux-amd64"
url_api = "https://api.github.com/repos/kubernetes-sigs/kind/releases/assets/330009836"

[tools."github:kubernetes-sigs/kind"."platforms.macos-arm64"]
checksum = "sha256:88bf554fe9da6311c9f8c2d082613c002911a476f6b5090e9420b35d84e70c5c"
url = "https://github.com/kubernetes-sigs/kind/releases/download/v0.31.0/kind-darwin-arm64"
url_api = "https://api.github.com/repos/kubernetes-sigs/kind/releases/assets/330009824"

[tools."github:kubernetes-sigs/kind"."platforms.macos-x64"]
checksum = "sha256:a8b3cf77b2ad77aec5bf710d1a2589d9117576132af812885cad41e9dede4d4e"
url = "https://github.com/kubernetes-sigs/kind/releases/download/v0.31.0/kind-darwin-amd64"
url_api = "https://api.github.com/repos/kubernetes-sigs/kind/releases/assets/330009808"

[tools."github:kubernetes-sigs/kind"."platforms.windows-x64"]
checksum = "sha256:2c3a9ff954de16244380778683cf99e271bfc2fac9c6c4e797e4623c45e59d9d"
url = "https://github.com/kubernetes-sigs/kind/releases/download/v0.31.0/kind-windows-amd64"
url_api = "https://api.github.com/repos/kubernetes-sigs/kind/releases/assets/330009913"

[[tools."github:viaduct-ai/kustomize-sops"]]
version = "4.4.0"
backend = "github:viaduct-ai/kustomize-sops"

[tools."github:viaduct-ai/kustomize-sops"."platforms.linux-arm64"]
checksum = "sha256:df0ced165a73801c7f03e4e650314e645f050c1a453f891f6f7ca45695af6fc6"
url = "https://github.com/viaduct-ai/kustomize-sops/releases/download/v4.4.0/ksops_4.4.0_Linux_arm64.tar.gz"
url_api = "https://api.github.com/repos/viaduct-ai/kustomize-sops/releases/assets/290145275"

[tools."github:viaduct-ai/kustomize-sops"."platforms.linux-arm64-musl"]
checksum = "sha256:df0ced165a73801c7f03e4e650314e645f050c1a453f891f6f7ca45695af6fc6"
url = "https://github.com/viaduct-ai/kustomize-sops/releases/download/v4.4.0/ksops_4.4.0_Linux_arm64.tar.gz"
url_api = "https://api.github.com/repos/viaduct-ai/kustomize-sops/releases/assets/290145275"

[tools."github:viaduct-ai/kustomize-sops"."platforms.linux-x64"]
checksum = "sha256:72973ce5a97d7ad0318c9f6ae4df2aa94a4a564c45fdf71772b759dff4df0cb4"
url = "https://github.com/viaduct-ai/kustomize-sops/releases/download/v4.4.0/ksops_4.4.0_Linux_x86_64.tar.gz"
url_api = "https://api.github.com/repos/viaduct-ai/kustomize-sops/releases/assets/290145278"

[tools."github:viaduct-ai/kustomize-sops"."platforms.linux-x64-musl"]
checksum = "sha256:72973ce5a97d7ad0318c9f6ae4df2aa94a4a564c45fdf71772b759dff4df0cb4"
url = "https://github.com/viaduct-ai/kustomize-sops/releases/download/v4.4.0/ksops_4.4.0_Linux_x86_64.tar.gz"
url_api = "https://api.github.com/repos/viaduct-ai/kustomize-sops/releases/assets/290145278"

[tools."github:viaduct-ai/kustomize-sops"."platforms.macos-arm64"]
checksum = "sha256:7c38bd98d645d01839aa031cffdb3165d7df9878219b2001291238b5a2b7440f"
url = "https://github.com/viaduct-ai/kustomize-sops/releases/download/v4.4.0/ksops_4.4.0_Darwin_arm64.tar.gz"
url_api = "https://api.github.com/repos/viaduct-ai/kustomize-sops/releases/assets/290145273"

[tools."github:viaduct-ai/kustomize-sops"."platforms.macos-x64"]
checksum = "sha256:3c761b10aa5e0e58dd603b5c9d6cc2c4e4903e19a0257ff92640a2ef3b8c99cf"
url = "https://github.com/viaduct-ai/kustomize-sops/releases/download/v4.4.0/ksops_4.4.0_Darwin_x86_64.tar.gz"
url_api = "https://api.github.com/repos/viaduct-ai/kustomize-sops/releases/assets/290145271"

[tools."github:viaduct-ai/kustomize-sops"."platforms.windows-x64"]
checksum = "sha256:134e7ebfce145ec6e2a6e49258ff44c9d2192c6120d90005f68139294739ef76"
url = "https://github.com/viaduct-ai/kustomize-sops/releases/download/v4.4.0/ksops_4.4.0_Windows_x86_64.tar.gz"
url_api = "https://api.github.com/repos/viaduct-ai/kustomize-sops/releases/assets/290145279"

[[tools."http:kubectl"]]
version = "1.35.2"
backend = "http:kubectl"

[tools."http:kubectl"."platforms.linux-arm64"]
url = "https://dl.k8s.io/v1.35.2/bin/linux/arm64/kubectl"

[tools."http:kubectl"."platforms.linux-arm64-musl"]
url = "https://dl.k8s.io/v1.35.2/bin/linux/arm64/kubectl"

[tools."http:kubectl"."platforms.linux-x64"]
url = "https://dl.k8s.io/v1.35.2/bin/linux/amd64/kubectl"

[tools."http:kubectl"."platforms.linux-x64-musl"]
url = "https://dl.k8s.io/v1.35.2/bin/linux/amd64/kubectl"

[tools."http:kubectl"."platforms.macos-arm64"]
url = "https://dl.k8s.io/v1.35.2/bin/darwin/arm64/kubectl"

[tools."http:kubectl"."platforms.macos-x64"]
url = "https://dl.k8s.io/v1.35.2/bin/darwin/amd64/kubectl"

[tools."http:kubectl"."platforms.windows-x64"]
url = "https://dl.k8s.io/v1.35.2/bin/windows/amd64/kubectl.exe"

[[tools."http:skaffold"]]
version = "2.18.1"
backend = "http:skaffold"

[tools."http:skaffold"."platforms.linux-arm64"]
url = "https://storage.googleapis.com/skaffold/releases/v2.18.1/skaffold-linux-arm64"

[tools."http:skaffold"."platforms.linux-arm64-musl"]
url = "https://storage.googleapis.com/skaffold/releases/v2.18.1/skaffold-linux-arm64"

[tools."http:skaffold"."platforms.linux-x64"]
url = "https://storage.googleapis.com/skaffold/releases/v2.18.1/skaffold-linux-amd64"

[tools."http:skaffold"."platforms.linux-x64-musl"]
url = "https://storage.googleapis.com/skaffold/releases/v2.18.1/skaffold-linux-amd64"

[tools."http:skaffold"."platforms.macos-arm64"]
url = "https://storage.googleapis.com/skaffold/releases/v2.18.1/skaffold-darwin-arm64"

[tools."http:skaffold"."platforms.macos-x64"]
url = "https://storage.googleapis.com/skaffold/releases/v2.18.1/skaffold-darwin-amd64"

[tools."http:skaffold"."platforms.windows-x64"]
url = "https://storage.googleapis.com/skaffold/releases/v2.18.1/skaffold-windows-amd64.exe"
