# @generated - this file is auto-generated by `mise lock` https://mise.jdx.dev/dev-tools/mise-lock.html

[[tools."aqua:GoogleContainerTools/skaffold"]]
version = "2.17.2"
backend = "aqua:GoogleContainerTools/skaffold"

[tools."aqua:GoogleContainerTools/skaffold"."platforms.linux-arm64"]
url = "https://storage.googleapis.com/skaffold/releases/v2.17.2/skaffold-linux-arm64"

[tools."aqua:GoogleContainerTools/skaffold"."platforms.linux-arm64-musl"]
url = "https://storage.googleapis.com/skaffold/releases/v2.17.2/skaffold-linux-arm64"

[tools."aqua:GoogleContainerTools/skaffold"."platforms.linux-x64"]
url = "https://storage.googleapis.com/skaffold/releases/v2.17.2/skaffold-linux-amd64"

[tools."aqua:GoogleContainerTools/skaffold"."platforms.linux-x64-musl"]
url = "https://storage.googleapis.com/skaffold/releases/v2.17.2/skaffold-linux-amd64"

[tools."aqua:GoogleContainerTools/skaffold"."platforms.macos-arm64"]
url = "https://storage.googleapis.com/skaffold/releases/v2.17.2/skaffold-darwin-arm64"

[tools."aqua:GoogleContainerTools/skaffold"."platforms.macos-x64"]
url = "https://storage.googleapis.com/skaffold/releases/v2.17.2/skaffold-darwin-amd64"

[tools."aqua:GoogleContainerTools/skaffold"."platforms.windows-x64"]
url = "https://storage.googleapis.com/skaffold/releases/v2.17.2/skaffold-windows-amd64.exe"

[[tools."aqua:getsops/sops"]]
version = "3.9.1"
backend = "aqua:getsops/sops"

[tools."aqua:getsops/sops"."platforms.linux-arm64"]
checksum = "sha256:bc946fef11dbe199587adac567037b69374c4202f928ca138443539efc85b357"
url = "https://github.com/getsops/sops/releases/download/v3.9.1/sops-v3.9.1.linux.arm64"

[tools."aqua:getsops/sops"."platforms.linux-arm64-musl"]
checksum = "sha256:bc946fef11dbe199587adac567037b69374c4202f928ca138443539efc85b357"
url = "https://github.com/getsops/sops/releases/download/v3.9.1/sops-v3.9.1.linux.arm64"

[tools."aqua:getsops/sops"."platforms.linux-x64"]
checksum = "sha256:cd795109851c3a483bbaa66d15d19ddb2227ac0352b39e25d96b67d51edb6225"
url = "https://github.com/getsops/sops/releases/download/v3.9.1/sops-v3.9.1.linux.amd64"

[tools."aqua:getsops/sops"."platforms.linux-x64-musl"]
checksum = "sha256:cd795109851c3a483bbaa66d15d19ddb2227ac0352b39e25d96b67d51edb6225"
url = "https://github.com/getsops/sops/releases/download/v3.9.1/sops-v3.9.1.linux.amd64"

[tools."aqua:getsops/sops"."platforms.macos-arm64"]
checksum = "sha256:0ab2cc54f0d8b8414dab83c18017ae3c005d405480b343c788a84fa4af5b19e3"
url = "https://github.com/getsops/sops/releases/download/v3.9.1/sops-v3.9.1.darwin.arm64"

[tools."aqua:getsops/sops"."platforms.macos-x64"]
checksum = "sha256:740b3a356c965830272d8f7aec2ea2e500d4a39f03e4aad347c004f3a0bdc2de"
url = "https://github.com/getsops/sops/releases/download/v3.9.1/sops-v3.9.1.darwin.amd64"

[tools."aqua:getsops/sops"."platforms.windows-x64"]
checksum = "sha256:745ab6aa6d6e3fbbb8a3484ec22caf2cbf61b5f70d1416eea5d2a644de722f31"
url = "https://github.com/getsops/sops/releases/download/v3.9.1/sops-v3.9.1.exe"

[[tools."aqua:kubernetes-sigs/kind"]]
version = "0.30.0"
backend = "aqua:kubernetes-sigs/kind"

[tools."aqua:kubernetes-sigs/kind"."platforms.linux-arm64"]
checksum = "sha256:7ea2de9d2d190022ed4a8a4e3ac0636c8a455e460b9a13ccf19f15d07f4f00eb"
url = "https://github.com/kubernetes-sigs/kind/releases/download/v0.30.0/kind-linux-arm64"

[tools."aqua:kubernetes-sigs/kind"."platforms.linux-arm64-musl"]
checksum = "sha256:7ea2de9d2d190022ed4a8a4e3ac0636c8a455e460b9a13ccf19f15d07f4f00eb"
url = "https://github.com/kubernetes-sigs/kind/releases/download/v0.30.0/kind-linux-arm64"

[tools."aqua:kubernetes-sigs/kind"."platforms.linux-x64"]
checksum = "sha256:517ab7fc89ddeed5fa65abf71530d90648d9638ef0c4cde22c2c11f8097b8889"
url = "https://github.com/kubernetes-sigs/kind/releases/download/v0.30.0/kind-linux-amd64"

[tools."aqua:kubernetes-sigs/kind"."platforms.linux-x64-musl"]
checksum = "sha256:517ab7fc89ddeed5fa65abf71530d90648d9638ef0c4cde22c2c11f8097b8889"
url = "https://github.com/kubernetes-sigs/kind/releases/download/v0.30.0/kind-linux-amd64"

[tools."aqua:kubernetes-sigs/kind"."platforms.macos-arm64"]
checksum = "sha256:ceaf40df1d1551c481fb50e3deb5c3deecad5fd599df5469626b70ddf52a1518"
url = "https://github.com/kubernetes-sigs/kind/releases/download/v0.30.0/kind-darwin-arm64"

[tools."aqua:kubernetes-sigs/kind"."platforms.macos-x64"]
checksum = "sha256:4f0b6e3b88bdc66d922c08469f05ef507d4903dd236e6319199bb9c868eed274"
url = "https://github.com/kubernetes-sigs/kind/releases/download/v0.30.0/kind-darwin-amd64"

[tools."aqua:kubernetes-sigs/kind"."platforms.windows-x64"]
checksum = "sha256:a75fed2b6964d877461cc145b37e997ac0f59a63bd02a750134ac25378f78ce7"
url = "https://github.com/kubernetes-sigs/kind/releases/download/v0.30.0/kind-windows-amd64"

[[tools."aqua:kubernetes/kubernetes/kubectl"]]
version = "1.34.5"
backend = "aqua:kubernetes/kubernetes/kubectl"

[tools."aqua:kubernetes/kubernetes/kubectl"."platforms.linux-arm64"]
checksum = "sha256:2d433b53b99ea532f877df6fa5044286e3950d4933967ac3d99262760bc649fd"
url = "https://dl.k8s.io/v1.34.5/bin/linux/arm64/kubectl"

[tools."aqua:kubernetes/kubernetes/kubectl"."platforms.linux-arm64-musl"]
checksum = "sha256:2d433b53b99ea532f877df6fa5044286e3950d4933967ac3d99262760bc649fd"
url = "https://dl.k8s.io/v1.34.5/bin/linux/arm64/kubectl"

[tools."aqua:kubernetes/kubernetes/kubectl"."platforms.linux-x64"]
checksum = "sha256:6a17dd8387783b3144a65535e38d02c351027e9718ea34a6c360476cb26d28bb"
url = "https://dl.k8s.io/v1.34.5/bin/linux/amd64/kubectl"

[tools."aqua:kubernetes/kubernetes/kubectl"."platforms.linux-x64-musl"]
checksum = "sha256:6a17dd8387783b3144a65535e38d02c351027e9718ea34a6c360476cb26d28bb"
url = "https://dl.k8s.io/v1.34.5/bin/linux/amd64/kubectl"

[tools."aqua:kubernetes/kubernetes/kubectl"."platforms.macos-arm64"]
checksum = "sha256:0c0b575db594e0f8842aa44e5d36b224bb9f8bf4b92cd34c0547d29b61a0277f"
url = "https://dl.k8s.io/v1.34.5/bin/darwin/arm64/kubectl"

[tools."aqua:kubernetes/kubernetes/kubectl"."platforms.macos-x64"]
checksum = "sha256:61ccfd05992fcc1135818d25691e55997155e914c98b704df7ddd542339a93cb"
url = "https://dl.k8s.io/v1.34.5/bin/darwin/amd64/kubectl"

[tools."aqua:kubernetes/kubernetes/kubectl"."platforms.windows-x64"]
checksum = "sha256:ecaabd85663e2beece62c53bcf4ad999e1959f60abd69188837e1a22d98604eb"
url = "https://dl.k8s.io/v1.34.5/bin/windows/amd64/kubectl.exe"

[[tools."aqua:viaduct-ai/kustomize-sops"]]
version = "4.3.2"
backend = "aqua:viaduct-ai/kustomize-sops"

[tools."aqua:viaduct-ai/kustomize-sops"."platforms.linux-arm64"]
checksum = "sha256:fe651d68db1b25ab666fd71921d4658e9c0819cff0cd2b4bfad599b35f863846"
url = "https://github.com/viaduct-ai/kustomize-sops/releases/download/v4.3.2/ksops_4.3.2_Linux_arm64.tar.gz"

[tools."aqua:viaduct-ai/kustomize-sops"."platforms.linux-arm64-musl"]
checksum = "sha256:fe651d68db1b25ab666fd71921d4658e9c0819cff0cd2b4bfad599b35f863846"
url = "https://github.com/viaduct-ai/kustomize-sops/releases/download/v4.3.2/ksops_4.3.2_Linux_arm64.tar.gz"

[tools."aqua:viaduct-ai/kustomize-sops"."platforms.linux-x64"]
checksum = "sha256:35eb1aa34e9f210e2dad767d483855e176b00954091c4ec7e77a958ecd0b02b4"
url = "https://github.com/viaduct-ai/kustomize-sops/releases/download/v4.3.2/ksops_4.3.2_Linux_x86_64.tar.gz"

[tools."aqua:viaduct-ai/kustomize-sops"."platforms.linux-x64-musl"]
checksum = "sha256:35eb1aa34e9f210e2dad767d483855e176b00954091c4ec7e77a958ecd0b02b4"
url = "https://github.com/viaduct-ai/kustomize-sops/releases/download/v4.3.2/ksops_4.3.2_Linux_x86_64.tar.gz"

[tools."aqua:viaduct-ai/kustomize-sops"."platforms.macos-arm64"]
checksum = "sha256:9e466376e1650d683ddcabca10b366ef15881a3fe8beebfbed04d1900e330ebb"
url = "https://github.com/viaduct-ai/kustomize-sops/releases/download/v4.3.2/ksops_4.3.2_Darwin_arm64.tar.gz"

[tools."aqua:viaduct-ai/kustomize-sops"."platforms.macos-x64"]
checksum = "sha256:728fae8fc04d53b443897e45e67780de570906aaa44e13d8078d8e59f412940a"
url = "https://github.com/viaduct-ai/kustomize-sops/releases/download/v4.3.2/ksops_4.3.2_Darwin_x86_64.tar.gz"

[tools."aqua:viaduct-ai/kustomize-sops"."platforms.windows-x64"]
checksum = "sha256:5f7cb8a53ef6e277fc7b80505ffec68b9ecbe9538e72f6f5accf3e840c675ee7"
url = "https://github.com/viaduct-ai/kustomize-sops/releases/download/v4.3.2/ksops_4.3.2_Windows_x86_64.tar.gz"
