[[tools.java]]
version = "openjdk-21.0.2"
backend = "core:java"

[tools.java.platforms.linux-x64]
checksum = "sha256:a2def047a73941e01a73739f92755f86b895811afb1f91243db214cff5bdac3f"
size = 203616881
url = "https://download.java.net/java/GA/jdk21.0.2/f2283984656d49d69e91c558476027ac/13/GPL/openjdk-21.0.2_linux-x64_bin.tar.gz"