[[tools.java]]
version = "openjdk-21.0.2"
backend = "core:java"
"platforms.linux-arm64" = { checksum = "sha256:3ce6a2b357e2ef45fd6b53d6587aa05bfec7771e7fb982f2c964f6b771b7526a", url = "https://github.com/adoptium/temurin21-binaries/releases/download/jdk-21.0.2%2B13/OpenJDK21U-jdk_aarch64_linux_hotspot_21.0.2_13.tar.gz"}
"platforms.linux-x64" = { checksum = "sha256:454bebb2c9fe48d981341461ffb6bf1017c7b7c6e15c6b0c29b959194ba3aaa5", url = "https://github.com/adoptium/temurin21-binaries/releases/download/jdk-21.0.2%2B13/OpenJDK21U-jdk_x64_linux_hotspot_21.0.2_13.tar.gz"}
"platforms.macos-arm64" = { checksum = "sha256:57d9e0f0e8639f9f2fb1837518fd83043f23953ff69a677f885aa060994d0c19", url = "https://github.com/adoptium/temurin21-binaries/releases/download/jdk-21.0.2%2B13/OpenJDK21U-jdk_aarch64_mac_hotspot_21.0.2_13.tar.gz"}
"platforms.macos-x64" = { checksum = "sha256:ba696ec46c1ca2b1b64c4e9838e21a2d62a1a4b6857a0770adc64451510065db", url = "https://github.com/adoptium/temurin21-binaries/releases/download/jdk-21.0.2%2B13/OpenJDK21U-jdk_x64_mac_hotspot_21.0.2_13.tar.gz"}
"platforms.windows-x64" = { checksum = "sha256:8780b07ae0a9836285a86a5b6d2b8a0b82acf97258622d44c619d59998a1da7b", url = "https://github.com/adoptium/temurin21-binaries/releases/download/jdk-21.0.2%2B13/OpenJDK21U-jdk_x64_windows_hotspot_21.0.2_13.zip"}
