[[tools.node]]
version = "22.14.0"
backend = "core:node"

[tools.node.platforms.macos-arm64]
checksum = "sha256:e9404633bc02a5162c5c573b1e2490f5fb44648345d64a958b17e325729a5e42"
size = 47035396
url = "https://nodejs.org/dist/v22.14.0/node-v22.14.0-darwin-arm64.tar.gz"

[[tools."npm:pnpm"]]
version = "9.15.2"
backend = "npm:pnpm"
